
Microsoft Visual Studio Solution File, Format Version 12.00
# Visual Studio Version 17
VisualStudioVersion = 17.2.32630.192
MinimumVisualStudioVersion = 10.0.40219.1
Project("{FAE04EC0-301F-11D3-BF4B-00C04F79EFBC}") = "IncoverApi", "IncoverApi\IncoverApi.csproj", "{9E0E8D0F-3A34-40F6-B16B-E1708267CDFC}"
EndProject
Global
	GlobalSection(SolutionConfigurationPlatforms) = preSolution
		Debug|Any CPU = Debug|Any CPU
		Release|Any CPU = Release|Any CPU
	EndGlobalSection
	GlobalSection(ProjectConfigurationPlatforms) = postSolution
		{9E0E8D0F-3A34-40F6-B16B-E1708267CDFC}.Debug|Any CPU.ActiveCfg = Debug|Any CPU
		{9E0E8D0F-3A34-40F6-B16B-E1708267CDFC}.Debug|Any CPU.Build.0 = Debug|Any CPU
		{9E0E8D0F-3A34-40F6-B16B-E1708267CDFC}.Release|Any CPU.ActiveCfg = Release|Any CPU
		{9E0E8D0F-3A34-40F6-B16B-E1708267CDFC}.Release|Any CPU.Build.0 = Release|Any CPU
	EndGlobalSection
	GlobalSection(SolutionProperties) = preSolution
		HideSolutionNode = FALSE
	EndGlobalSection
	GlobalSection(ExtensibilityGlobals) = postSolution
		SolutionGuid = {3EC1693A-FA61-4EC9-B888-0D478947CB9C}
	EndGlobalSection
EndGlobal
